// !$*UTF8*$!
{
	archiveVersion = 1;
	classes = {
	};
	objectVersion = 48;
	objects = {

/* Begin PBXBuildFile section */
		2ACD41691F10A079009CDBF3 /* AppDelegate.swift in Sources */ = {isa = PBXBuildFile; fileRef = 2ACD41681F10A079009CDBF3 /* AppDelegate.swift */; };
		2ACD416B1F10A079009CDBF3 /* ViewController.swift in Sources */ = {isa = PBXBuildFile; fileRef = 2ACD416A1F10A079009CDBF3 /* ViewController.swift */; };
		2ACD416E1F10A079009CDBF3 /* Main.storyboard in Resources */ = {isa = PBXBuildFile; fileRef = 2ACD416C1F10A079009CDBF3 /* Main.storyboard */; };
		2ACD41701F10A079009CDBF3 /* Assets.xcassets in Resources */ = {isa = PBXBuildFile; fileRef = 2ACD416F1F10A079009CDBF3 /* Assets.xcassets */; };
		2ACD41731F10A079009CDBF3 /* LaunchScreen.storyboard in Resources */ = {isa = PBXBuildFile; fileRef = 2ACD41711F10A079009CDBF3 /* LaunchScreen.storyboard */; };
		2ACD417E1F10A079009CDBF3 /* FMAudioPlayerTests.swift in Sources */ = {isa = PBXBuildFile; fileRef = 2ACD417D1F10A079009CDBF3 /* FMAudioPlayerTests.swift */; };
		2ACD418B1F10B790009CDBF3 /* FMPlayer.swift in Sources */ = {isa = PBXBuildFile; fileRef = 2ACD418A1F10B790009CDBF3 /* FMPlayer.swift */; };
/* End PBXBuildFile section */

/* Begin PBXContainerItemProxy section */
		2ACD417A1F10A079009CDBF3 /* PBXContainerItemProxy */ = {
			isa = PBXContainerItemProxy;
			containerPortal = 2ACD415D1F10A079009CDBF3 /* Project object */;
			proxyType = 1;
			remoteGlobalIDString = 2ACD41641F10A079009CDBF3;
			remoteInfo = FMAudioPlayer;
		};
/* End PBXContainerItemProxy section */

/* Begin PBXFileReference section */
		2ACD41651F10A079009CDBF3 /* FMAudioPlayer.app */ = {isa = PBXFileReference; explicitFileType = wrapper.application; includeInIndex = 0; path = FMAudioPlayer.app; sourceTree = BUILT_PRODUCTS_DIR; };
		2ACD41681F10A079009CDBF3 /* AppDelegate.swift */ = {isa = PBXFileReference; lastKnownFileType = sourcecode.swift; path = AppDelegate.swift; sourceTree = "<group>"; };
		2ACD416A1F10A079009CDBF3 /* ViewController.swift */ = {isa = PBXFileReference; lastKnownFileType = sourcecode.swift; path = ViewController.swift; sourceTree = "<group>"; };
		2ACD416D1F10A079009CDBF3 /* Base */ = {isa = PBXFileReference; lastKnownFileType = file.storyboard; name = Base; path = Base.lproj/Main.storyboard; sourceTree = "<group>"; };
		2ACD416F1F10A079009CDBF3 /* Assets.xcassets */ = {isa = PBXFileReference; lastKnownFileType = folder.assetcatalog; path = Assets.xcassets; sourceTree = "<group>"; };
		2ACD41721F10A079009CDBF3 /* Base */ = {isa = PBXFileReference; lastKnownFileType = file.storyboard; name = Base; path = Base.lproj/LaunchScreen.storyboard; sourceTree = "<group>"; };
		2ACD41741F10A079009CDBF3 /* Info.plist */ = {isa = PBXFileReference; lastKnownFileType = text.plist.xml; path = Info.plist; sourceTree = "<group>"; };
		2ACD41791F10A079009CDBF3 /* FMAudioPlayerTests.xctest */ = {isa = PBXFileReference; explicitFileType = wrapper.cfbundle; includeInIndex = 0; path = FMAudioPlayerTests.xctest; sourceTree = BUILT_PRODUCTS_DIR; };
		2ACD417D1F10A079009CDBF3 /* FMAudioPlayerTests.swift */ = {isa = PBXFileReference; lastKnownFileType = sourcecode.swift; path = FMAudioPlayerTests.swift; sourceTree = "<group>"; };
		2ACD417F1F10A079009CDBF3 /* Info.plist */ = {isa = PBXFileReference; lastKnownFileType = text.plist.xml; path = Info.plist; sourceTree = "<group>"; };
		2ACD418A1F10B790009CDBF3 /* FMPlayer.swift */ = {isa = PBXFileReference; lastKnownFileType = sourcecode.swift; path = FMPlayer.swift; sourceTree = "<group>"; };
/* End PBXFileReference section */

/* Begin PBXFrameworksBuildPhase section */
		2ACD41621F10A079009CDBF3 /* Frameworks */ = {
			isa = PBXFrameworksBuildPhase;
			buildActionMask = 2147483647;
			files = (
			);
			runOnlyForDeploymentPostprocessing = 0;
		};
		2ACD41761F10A079009CDBF3 /* Frameworks */ = {
			isa = PBXFrameworksBuildPhase;
			buildActionMask = 2147483647;
			files = (
			);
			runOnlyForDeploymentPostprocessing = 0;
		};
/* End PBXFrameworksBuildPhase section */

/* Begin PBXGroup section */
		2ACD415C1F10A079009CDBF3 = {
			isa = PBXGroup;
			children = (
				2ACD41671F10A079009CDBF3 /* FMAudioPlayer */,
				2ACD417C1F10A079009CDBF3 /* FMAudioPlayerTests */,
				2ACD41661F10A079009CDBF3 /* Products */,
			);
			sourceTree = "<group>";
		};
		2ACD41661F10A079009CDBF3 /* Products */ = {
			isa = PBXGroup;
			children = (
				2ACD41651F10A079009CDBF3 /* FMAudioPlayer.app */,
				2ACD41791F10A079009CDBF3 /* FMAudioPlayerTests.xctest */,
			);
			name = Products;
			sourceTree = "<group>";
		};
		2ACD41671F10A079009CDBF3 /* FMAudioPlayer */ = {
			isa = PBXGroup;
			children = (
				2ACD41891F10B73F009CDBF3 /* Classes */,
				2ACD41681F10A079009CDBF3 /* AppDelegate.swift */,
				2ACD416A1F10A079009CDBF3 /* ViewController.swift */,
				2ACD416C1F10A079009CDBF3 /* Main.storyboard */,
				2ACD416F1F10A079009CDBF3 /* Assets.xcassets */,
				2ACD41711F10A079009CDBF3 /* LaunchScreen.storyboard */,
				2ACD41741F10A079009CDBF3 /* Info.plist */,
			);
			path = FMAudioPlayer;
			sourceTree = "<group>";
		};
		2ACD417C1F10A079009CDBF3 /* FMAudioPlayerTests */ = {
			isa = PBXGroup;
			children = (
				2ACD417D1F10A079009CDBF3 /* FMAudioPlayerTests.swift */,
				2ACD417F1F10A079009CDBF3 /* Info.plist */,
			);
			path = FMAudioPlayerTests;
			sourceTree = "<group>";
		};
		2ACD41891F10B73F009CDBF3 /* Classes */ = {
			isa = PBXGroup;
			children = (
				2ACD418A1F10B790009CDBF3 /* FMPlayer.swift */,
			);
			path = Classes;
			sourceTree = "<group>";
		};
/* End PBXGroup section */

/* Begin PBXNativeTarget section */
		2ACD41641F10A079009CDBF3 /* FMAudioPlayer */ = {
			isa = PBXNativeTarget;
			buildConfigurationList = 2ACD41821F10A079009CDBF3 /* Build configuration list for PBXNativeTarget "FMAudioPlayer" */;
			buildPhases = (
				2ACD41611F10A079009CDBF3 /* Sources */,
				2ACD41621F10A079009CDBF3 /* Frameworks */,
				2ACD41631F10A079009CDBF3 /* Resources */,
			);
			buildRules = (
			);
			dependencies = (
			);
			name = FMAudioPlayer;
			productName = FMAudioPlayer;
			productReference = 2ACD41651F10A079009CDBF3 /* FMAudioPlayer.app */;
			productType = "com.apple.product-type.application";
		};
		2ACD41781F10A079009CDBF3 /* FMAudioPlayerTests */ = {
			isa = PBXNativeTarget;
			buildConfigurationList = 2ACD41851F10A079009CDBF3 /* Build configuration list for PBXNativeTarget "FMAudioPlayerTests" */;
			buildPhases = (
				2ACD41751F10A079009CDBF3 /* Sources */,
				2ACD41761F10A079009CDBF3 /* Frameworks */,
				2ACD41771F10A079009CDBF3 /* Resources */,
			);
			buildRules = (
			);
			dependencies = (
				2ACD417B1F10A079009CDBF3 /* PBXTargetDependency */,
			);
			name = FMAudioPlayerTests;
			productName = FMAudioPlayerTests;
			productReference = 2ACD41791F10A079009CDBF3 /* FMAudioPlayerTests.xctest */;
			productType = "com.apple.product-type.bundle.unit-test";
		};
/* End PBXNativeTarget section */

/* Begin PBXProject section */
		2ACD415D1F10A079009CDBF3 /* Project object */ = {
			isa = PBXProject;
			attributes = {
				LastSwiftUpdateCheck = 0900;
				LastUpgradeCheck = 0900;
				ORGANIZATIONNAME = cjfire;
				TargetAttributes = {
					2ACD41641F10A079009CDBF3 = {
						CreatedOnToolsVersion = 9.0;
					};
					2ACD41781F10A079009CDBF3 = {
						CreatedOnToolsVersion = 9.0;
						TestTargetID = 2ACD41641F10A079009CDBF3;
					};
				};
			};
			buildConfigurationList = 2ACD41601F10A079009CDBF3 /* Build configuration list for PBXProject "FMAudioPlayer" */;
			compatibilityVersion = "Xcode 8.0";
			developmentRegion = en;
			hasScannedForEncodings = 0;
			knownRegions = (
				en,
				Base,
			);
			mainGroup = 2ACD415C1F10A079009CDBF3;
			productRefGroup = 2ACD41661F10A079009CDBF3 /* Products */;
			projectDirPath = "";
			projectRoot = "";
			targets = (
				2ACD41641F10A079009CDBF3 /* FMAudioPlayer */,
				2ACD41781F10A079009CDBF3 /* FMAudioPlayerTests */,
			);
		};
/* End PBXProject section */

/* Begin PBXResourcesBuildPhase section */
		2ACD41631F10A079009CDBF3 /* Resources */ = {
			isa = PBXResourcesBuildPhase;
			buildActionMask = 2147483647;
			files = (
				2ACD41731F10A079009CDBF3 /* LaunchScreen.storyboard in Resources */,
				2ACD41701F10A079009CDBF3 /* Assets.xcassets in Resources */,
				2ACD416E1F10A079009CDBF3 /* Main.storyboard in Resources */,
			);
			runOnlyForDeploymentPostprocessing = 0;
		};
		2ACD41771F10A079009CDBF3 /* Resources */ = {
			isa = PBXResourcesBuildPhase;
			buildActionMask = 2147483647;
			files = (
			);
			runOnlyForDeploymentPostprocessing = 0;
		};
/* End PBXResourcesBuildPhase section */

/* Begin PBXSourcesBuildPhase section */
		2ACD41611F10A079009CDBF3 /* Sources */ = {
			isa = PBXSourcesBuildPhase;
			buildActionMask = 2147483647;
			files = (
				2ACD416B1F10A079009CDBF3 /* ViewController.swift in Sources */,
				2ACD41691F10A079009CDBF3 /* AppDelegate.swift in Sources */,
				2ACD418B1F10B790009CDBF3 /* FMPlayer.swift in Sources */,
			);
			runOnlyForDeploymentPostprocessing = 0;
		};
		2ACD41751F10A079009CDBF3 /* Sources */ = {
			isa = PBXSourcesBuildPhase;
			buildActionMask = 2147483647;
			files = (
				2ACD417E1F10A079009CDBF3 /* FMAudioPlayerTests.swift in Sources */,
			);
			runOnlyForDeploymentPostprocessing = 0;
		};
/* End PBXSourcesBuildPhase section */

/* Begin PBXTargetDependency section */
		2ACD417B1F10A079009CDBF3 /* PBXTargetDependency */ = {
			isa = PBXTargetDependency;
			target = 2ACD41641F10A079009CDBF3 /* FMAudioPlayer */;
			targetProxy = 2ACD417A1F10A079009CDBF3 /* PBXContainerItemProxy */;
		};
/* End PBXTargetDependency section */

/* Begin PBXVariantGroup section */
		2ACD416C1F10A079009CDBF3 /* Main.storyboard */ = {
			isa = PBXVariantGroup;
			children = (
				2ACD416D1F10A079009CDBF3 /* Base */,
			);
			name = Main.storyboard;
			sourceTree = "<group>";
		};
		2ACD41711F10A079009CDBF3 /* LaunchScreen.storyboard */ = {
			isa = PBXVariantGroup;
			children = (
				2ACD41721F10A079009CDBF3 /* Base */,
			);
			name = LaunchScreen.storyboard;
			sourceTree = "<group>";
		};
/* End PBXVariantGroup section */

/* Begin XCBuildConfiguration section */
		2ACD41801F10A079009CDBF3 /* Debug */ = {
			isa = XCBuildConfiguration;
			buildSettings = {
				ALWAYS_SEARCH_USER_PATHS = NO;
				CLANG_ANALYZER_NONNULL = YES;
				CLANG_ANALYZER_NUMBER_OBJECT_CONVERSION = YES_AGGRESSIVE;
				CLANG_CXX_LANGUAGE_STANDARD = "gnu++14";
				CLANG_CXX_LIBRARY = "libc++";
				CLANG_ENABLE_MODULES = YES;
				CLANG_ENABLE_OBJC_ARC = YES;
				CLANG_WARN_BLOCK_CAPTURE_AUTORELEASING = YES;
				CLANG_WARN_BOOL_CONVERSION = YES;
				CLANG_WARN_COMMA = YES;
				CLANG_WARN_CONSTANT_CONVERSION = YES;
				CLANG_WARN_DIRECT_OBJC_ISA_USAGE = YES_ERROR;
				CLANG_WARN_DOCUMENTATION_COMMENTS = YES;
				CLANG_WARN_EMPTY_BODY = YES;
				CLANG_WARN_ENUM_CONVERSION = YES;
				CLANG_WARN_INFINITE_RECURSION = YES;
				CLANG_WARN_INT_CONVERSION = YES;
				CLANG_WARN_OBJC_ROOT_CLASS = YES_ERROR;
				CLANG_WARN_RANGE_LOOP_ANALYSIS = YES;
				CLANG_WARN_STRICT_PROTOTYPES = YES;
				CLANG_WARN_SUSPICIOUS_MOVE = YES;
				CLANG_WARN_UNGUARDED_AVAILABILITY = YES_AGGRESSIVE;
				CLANG_WARN_UNREACHABLE_CODE = YES;
				CLANG_WARN__DUPLICATE_METHOD_MATCH = YES;
				CODE_SIGN_IDENTITY = "iPhone Developer";
				COPY_PHASE_STRIP = NO;
				DEBUG_INFORMATION_FORMAT = dwarf;
				ENABLE_STRICT_OBJC_MSGSEND = YES;
				ENABLE_TESTABILITY = YES;
				GCC_C_LANGUAGE_STANDARD = gnu11;
				GCC_DYNAMIC_NO_PIC = NO;
				GCC_NO_COMMON_BLOCKS = YES;
				GCC_OPTIMIZATION_LEVEL = 0;
				GCC_PREPROCESSOR_DEFINITIONS = (
					"DEBUG=1",
					"$(inherited)",
				);
				GCC_WARN_64_TO_32_BIT_CONVERSION = YES;
				GCC_WARN_ABOUT_RETURN_TYPE = YES_ERROR;
				GCC_WARN_UNDECLARED_SELECTOR = YES;
				GCC_WARN_UNINITIALIZED_AUTOS = YES_AGGRESSIVE;
				GCC_WARN_UNUSED_FUNCTION = YES;
				GCC_WARN_UNUSED_VARIABLE = YES;
				IPHONEOS_DEPLOYMENT_TARGET = 11.0;
				MTL_ENABLE_DEBUG_INFO = YES;
				ONLY_ACTIVE_ARCH = YES;
				SDKROOT = iphoneos;
				SWIFT_ACTIVE_COMPILATION_CONDITIONS = DEBUG;
				SWIFT_OPTIMIZATION_LEVEL = "-Onone";
			};
			name = Debug;
		};
		2ACD41811F10A079009CDBF3 /* Release */ = {
			isa = XCBuildConfiguration;
			buildSettings = {
				ALWAYS_SEARCH_USER_PATHS = NO;
				CLANG_ANALYZER_NONNULL = YES;
				CLANG_ANALYZER_NUMBER_OBJECT_CONVERSION = YES_AGGRESSIVE;
				CLANG_CXX_LANGUAGE_STANDARD = "gnu++14";
				CLANG_CXX_LIBRARY = "libc++";
				CLANG_ENABLE_MODULES = YES;
				CLANG_ENABLE_OBJC_ARC = YES;
				CLANG_WARN_BLOCK_CAPTURE_AUTORELEASING = YES;
				CLANG_WARN_BOOL_CONVERSION = YES;
				CLANG_WARN_COMMA = YES;
				CLANG_WARN_CONSTANT_CONVERSION = YES;
				CLANG_WARN_DIRECT_OBJC_ISA_USAGE = YES_ERROR;
				CLANG_WARN_DOCUMENTATION_COMMENTS = YES;
				CLANG_WARN_EMPTY_BODY = YES;
				CLANG_WARN_ENUM_CONVERSION = YES;
				CLANG_WARN_INFINITE_RECURSION = YES;
				CLANG_WARN_INT_CONVERSION = YES;
				CLANG_WARN_OBJC_ROOT_CLASS = YES_ERROR;
				CLANG_WARN_RANGE_LOOP_ANALYSIS = YES;
				CLANG_WARN_STRICT_PROTOTYPES = YES;
				CLANG_WARN_SUSPICIOUS_MOVE = YES;
				CLANG_WARN_UNGUARDED_AVAILABILITY = YES_AGGRESSIVE;
				CLANG_WARN_UNREACHABLE_CODE = YES;
				CLANG_WARN__DUPLICATE_METHOD_MATCH = YES;
				CODE_SIGN_IDENTITY = "iPhone Developer";
				COPY_PHASE_STRIP = NO;
				DEBUG_INFORMATION_FORMAT = "dwarf-with-dsym";
				ENABLE_NS_ASSERTIONS = NO;
				ENABLE_STRICT_OBJC_MSGSEND = YES;
				GCC_C_LANGUAGE_STANDARD = gnu11;
				GCC_NO_COMMON_BLOCKS = YES;
				GCC_WARN_64_TO_32_BIT_CONVERSION = YES;
				GCC_WARN_ABOUT_RETURN_TYPE = YES_ERROR;
				GCC_WARN_UNDECLARED_SELECTOR = YES;
				GCC_WARN_UNINITIALIZED_AUTOS = YES_AGGRESSIVE;
				GCC_WARN_UNUSED_FUNCTION = YES;
				GCC_WARN_UNUSED_VARIABLE = YES;
				IPHONEOS_DEPLOYMENT_TARGET = 11.0;
				MTL_ENABLE_DEBUG_INFO = NO;
				SDKROOT = iphoneos;
				SWIFT_OPTIMIZATION_LEVEL = "-Owholemodule";
				VALIDATE_PRODUCT = YES;
			};
			name = Release;
		};
		2ACD41831F10A079009CDBF3 /* Debug */ = {
			isa = XCBuildConfiguration;
			buildSettings = {
				ASSETCATALOG_COMPILER_APPICON_NAME = AppIcon;
				DEVELOPMENT_TEAM = 266Y8BZ99E;
				INFOPLIST_FILE = FMAudioPlayer/Info.plist;
				LD_RUNPATH_SEARCH_PATHS = "$(inherited) @executable_path/Frameworks";
				PRODUCT_BUNDLE_IDENTIFIER = com.sina.cjfire.FMAudioPlayer;
				PRODUCT_NAME = "$(TARGET_NAME)";
				SWIFT_VERSION = 4.0;
				TARGETED_DEVICE_FAMILY = "1,2";
			};
			name = Debug;
		};
		2ACD41841F10A079009CDBF3 /* Release */ = {
			isa = XCBuildConfiguration;
			buildSettings = {
				ASSETCATALOG_COMPILER_APPICON_NAME = AppIcon;
				DEVELOPMENT_TEAM = 266Y8BZ99E;
				INFOPLIST_FILE = FMAudioPlayer/Info.plist;
				LD_RUNPATH_SEARCH_PATHS = "$(inherited) @executable_path/Frameworks";
				PRODUCT_BUNDLE_IDENTIFIER = com.sina.cjfire.FMAudioPlayer;
				PRODUCT_NAME = "$(TARGET_NAME)";
				SWIFT_VERSION = 4.0;
				TARGETED_DEVICE_FAMILY = "1,2";
			};
			name = Release;
		};
		2ACD41861F10A079009CDBF3 /* Debug */ = {
			isa = XCBuildConfiguration;
			buildSettings = {
				ALWAYS_EMBED_SWIFT_STANDARD_LIBRARIES = YES;
				BUNDLE_LOADER = "$(TEST_HOST)";
				DEVELOPMENT_TEAM = 266Y8BZ99E;
				INFOPLIST_FILE = FMAudioPlayerTests/Info.plist;
				LD_RUNPATH_SEARCH_PATHS = "$(inherited) @executable_path/Frameworks @loader_path/Frameworks";
				PRODUCT_BUNDLE_IDENTIFIER = com.sina.cjfire.FMAudioPlayerTests;
				PRODUCT_NAME = "$(TARGET_NAME)";
				SWIFT_VERSION = 4.0;
				TARGETED_DEVICE_FAMILY = "1,2";
				TEST_HOST = "$(BUILT_PRODUCTS_DIR)/FMAudioPlayer.app/FMAudioPlayer";
			};
			name = Debug;
		};
		2ACD41871F10A079009CDBF3 /* Release */ = {
			isa = XCBuildConfiguration;
			buildSettings = {
				ALWAYS_EMBED_SWIFT_STANDARD_LIBRARIES = YES;
				BUNDLE_LOADER = "$(TEST_HOST)";
				DEVELOPMENT_TEAM = 266Y8BZ99E;
				INFOPLIST_FILE = FMAudioPlayerTests/Info.plist;
				LD_RUNPATH_SEARCH_PATHS = "$(inherited) @executable_path/Frameworks @loader_path/Frameworks";
				PRODUCT_BUNDLE_IDENTIFIER = com.sina.cjfire.FMAudioPlayerTests;
				PRODUCT_NAME = "$(TARGET_NAME)";
				SWIFT_VERSION = 4.0;
				TARGETED_DEVICE_FAMILY = "1,2";
				TEST_HOST = "$(BUILT_PRODUCTS_DIR)/FMAudioPlayer.app/FMAudioPlayer";
			};
			name = Release;
		};
/* End XCBuildConfiguration section */

/* Begin XCConfigurationList section */
		2ACD41601F10A079009CDBF3 /* Build configuration list for PBXProject "FMAudioPlayer" */ = {
			isa = XCConfigurationList;
			buildConfigurations = (
				2ACD41801F10A079009CDBF3 /* Debug */,
				2ACD41811F10A079009CDBF3 /* Release */,
			);
			defaultConfigurationIsVisible = 0;
			defaultConfigurationName = Release;
		};
		2ACD41821F10A079009CDBF3 /* Build configuration list for PBXNativeTarget "FMAudioPlayer" */ = {
			isa = XCConfigurationList;
			buildConfigurations = (
				2ACD41831F10A079009CDBF3 /* Debug */,
				2ACD41841F10A079009CDBF3 /* Release */,
			);
			defaultConfigurationIsVisible = 0;
		};
		2ACD41851F10A079009CDBF3 /* Build configuration list for PBXNativeTarget "FMAudioPlayerTests" */ = {
			isa = XCConfigurationList;
			buildConfigurations = (
				2ACD41861F10A079009CDBF3 /* Debug */,
				2ACD41871F10A079009CDBF3 /* Release */,
			);
			defaultConfigurationIsVisible = 0;
		};
/* End XCConfigurationList section */
	};
	rootObject = 2ACD415D1F10A079009CDBF3 /* Project object */;
}
